<?xml version="1.0" encoding="utf-8"?>
<Project ToolsVersion="4.0" xmlns="http://schemas.microsoft.com/developer/msbuild/2003">
  <ItemGroup>
    <ClCompile Include="Dependencies\ImGuizmo\ImGuizmo.cpp" />
    <ClCompile Include="Dependencies\imgui\backends\imgui_impl_glfw.cpp" />
    <ClCompile Include="Dependencies\imgui\backends\imgui_impl_opengl3.cpp" />
    <ClCompile Include="Dependencies\imgui\imgui.cpp" />
    <ClCompile Include="Dependencies\imgui\imgui_demo.cpp" />
    <ClCompile Include="Dependencies\imgui\imgui_draw.cpp" />
    <ClCompile Include="Dependencies\imgui\imgui_tables.cpp" />
    <ClCompile Include="Dependencies\imgui\imgui_widgets.cpp" />
    <ClCompile Include="Dependencies\imgui\misc\cpp\imgui_stdlib.cpp" />
    <ClCompile Include="Source\CameraManager.cpp" />
    <ClCompile Include="Source\Input\Input.cpp" />
    <ClCompile Include="Source\Scene\Components\CameraController.cpp" />
    <ClCompile Include="Source\Scene\Entity.cpp" />
    <ClCompile Include="Source\Scene\Components\CameraComponent.cpp" />
    <ClCompile Include="Source\Scene\Components\Component.cpp" />
    <ClCompile Include="Source\Scene\GameObject.cpp" />
    <ClCompile Include="Source\Events\KeyCodes.cpp" />
    <ClCompile Include="Source\Assimp\AssimpGlmHelpers.cpp" />
    <ClCompile Include="Source\Scene\Components\MeshComponent.cpp" />
    <ClCompile Include="Source\Graphics\Primitives\Mesh.cpp" />
    <ClCompile Include="Source\ImGui\ImGuiPanel.cpp" />
    <ClCompile Include="Source\Resources\AssetLoader.cpp" />
    <ClCompile Include="Source\Resources\Resource.cpp" />
    <ClCompile Include="Source\Graphics\FrameBuffer.cpp" />
    <ClCompile Include="Source\Events\KeyboardEvents.cpp" />
    <ClCompile Include="Source\Events\MouseEvents.cpp" />
    <ClCompile Include="Source\Events\ApplicationEvent.cpp" />
    <ClCompile Include="Source\Events\Event.cpp" />
    <ClCompile Include="Source\Graphics\Camera.cpp" />
    <ClCompile Include="Source\Graphics\Primitives\Cube.cpp" />
    <ClCompile Include="Source\EngineContext.cpp" />
    <ClCompile Include="Source\Graphics\Renderers\ForwardRenderer.cpp" />
    <ClCompile Include="Source\Graphics\Renderers\ForwardRenderPass.cpp" />
    <ClCompile Include="GLAD\glad.c" />
    <ClCompile Include="Source\Layers\ImGuiLayer.cpp" />
    <ClCompile Include="Source\Layers\Layer.cpp" />
    <ClCompile Include="Source\Layers\LayerStack.cpp" />
    <ClCompile Include="Source\Resources\StbImageWrapper.cpp" />
    <ClCompile Include="Source\Graphics\Primitives\QuadMesh.cpp" />
    <ClCompile Include="Source\Graphics\Primitives\Renderable.cpp" />
    <ClCompile Include="Source\Graphics\Renderers\Renderer.cpp" />
    <ClCompile Include="Source\Graphics\Renderers\RenderPass.cpp" />
    <ClCompile Include="Source\Scene\Scene.cpp" />
    <ClCompile Include="Source\Graphics\Shaders\Shader.cpp" />
    <ClCompile Include="Source\Graphics\Texture.cpp" />
    <ClCompile Include="Source\Scene\Components\Transform.cpp" />
    <ClCompile Include="Source\Graphics\Primitives\Triangle.cpp" />
    <ClCompile Include="Source\GlfwWrapper.cpp" />
    <ClCompile Include="Source\Resources\TextResource.cpp" />
    <ClCompile Include="Source\Input\WindowsInput.cpp" />
    <ClCompile Include="Source\Events\SubscribableEvent.cpp" />
    <ClCompile Include="Source\Editor\EditorCamera.cpp" />
    <ClCompile Include="Source\Scene\SceneSerializer.cpp" />
    <ClCompile Include="Source\Resources\StreamWriter.cpp" />
    <ClCompile Include="Source\Resources\StreamReader.cpp" />
    <ClCompile Include="Source\Resources\FileStream.cpp" />
    <ClCompile Include="Source\Resources\Prefab.cpp" />
    <ClCompile Include="Source\GUID.cpp" />
    <ClCompile Include="Source\Scene\Components\MaterialInstance.cpp" />
    <ClCompile Include="Source\WindowsPlatformUtils.cpp" />
    <ClCompile Include="Source\Log.cpp" />
    <ClCompile Include="Source\ImGui\imgui_sink.cpp" />
    <ClCompile Include="Source\ImGui\ConsoleWindow.cpp" />
    <ClCompile Include="Source\Graphics\Renderers\ShadowPass.cpp" />
    <ClCompile Include="Source\Graphics\UniformBuffer.cpp" />
    <ClCompile Include="Source\Graphics\Primitives\CircleMesh.cpp" />
    <ClCompile Include="Source\Graphics\Renderers\CircleRenderPass.cpp" />
    <ClCompile Include="Source\Physics\PhysicsEngine.cpp" />
    <ClCompile Include="Source\Scene\Components\Collider.cpp" />
    <ClCompile Include="Source\Scene\Components\CollisionComponent.cpp" />
    <ClCompile Include="Source\DataStructures\KDTree.cpp" />
    <ClCompile Include="Source\DataStructures\Trees.cpp" />
    <ClCompile Include="Source\Game.cpp" />
    <ClCompile Include="Source\GameState.cpp" />
    <ClCompile Include="Source\Scene\Player\PlayerInput.cpp" />
  </ItemGroup>
  <ItemGroup>
    <ClInclude Include="Dependencies\EnTT\entt.hpp" />
    <ClInclude Include="Dependencies\glad\glad.h" />
    <ClInclude Include="Dependencies\GLFW\glfw3.h" />
    <ClInclude Include="Dependencies\GLFW\glfw3native.h" />
    <ClInclude Include="Dependencies\ImGuizmo\ImGuizmo.h" />
    <ClInclude Include="Dependencies\imgui\backends\imgui_impl_glfw.h" />
    <ClInclude Include="Dependencies\imgui\backends\imgui_impl_opengl3.h" />
    <ClInclude Include="Dependencies\imgui\backends\imgui_impl_opengl3_loader.h" />
    <ClInclude Include="Dependencies\imgui\imconfig.h" />
    <ClInclude Include="Dependencies\imgui\imgui.h" />
    <ClInclude Include="Dependencies\imgui\imgui_internal.h" />
    <ClInclude Include="Dependencies\imgui\imstb_rectpack.h" />
    <ClInclude Include="Dependencies\imgui\imstb_textedit.h" />
    <ClInclude Include="Dependencies\imgui\imstb_truetype.h" />
    <ClInclude Include="Dependencies\imgui\misc\cpp\imgui_stdlib.h" />
    <ClInclude Include="Dependencies\KHR\khrplatform.h" />
    <ClInclude Include="Dependencies\stb\stb_image.h" />
    <ClInclude Include="Source\EntryPoint.h" />
    <ClInclude Include="Pixie.h" />
    <ClInclude Include="Source\Core.h" />
    <ClInclude Include="Source\CameraManager.h" />
    <ClInclude Include="resource.h" />
    <ClInclude Include="Source\Input\Input.h" />
    <ClInclude Include="Source\Scene\Components\CameraController.h" />
    <ClInclude Include="Source\Scene\Entity.h" />
    <ClInclude Include="Source\Scene\Components\CameraComponent.h" />
    <ClInclude Include="Source\Scene\Components\Component.h" />
    <ClInclude Include="Source\Scene\GameObject.h" />
    <ClInclude Include="Source\Events\KeyCodes.h" />
    <ClInclude Include="Source\Assimp\AssimpGlmHelpers.h" />
    <ClInclude Include="Source\Scene\Components\MeshComponent.h" />
    <ClInclude Include="Source\Graphics\Primitives\Mesh.h" />
    <ClInclude Include="Source\ImGui\ImGuiPanel.h" />
    <ClInclude Include="Source\Resources\AssetLoader.h" />
    <ClInclude Include="Source\Resources\Resource.h" />
    <ClInclude Include="Source\Graphics\FrameBuffer.h" />
    <ClInclude Include="Source\Events\KeyboardEvents.h" />
    <ClInclude Include="Source\Events\MouseEvents.h" />
    <ClInclude Include="Source\Events\ApplicationEvent.h" />
    <ClInclude Include="Source\Events\Event.h" />
    <ClInclude Include="Source\Graphics\Camera.h" />
    <ClInclude Include="Source\Graphics\Primitives\Cube.h" />
    <ClInclude Include="Source\EngineContext.h" />
    <ClInclude Include="Source\Graphics\Renderers\ForwardRenderer.h" />
    <ClInclude Include="Source\Graphics\Renderers\ForwardRenderPass.h" />
    <ClInclude Include="Source\BsPrecompileHeader.h" />
    <ClInclude Include="Source\Layers\ImGuiLayer.h" />
    <ClInclude Include="Source\Layers\Layer.h" />
    <ClInclude Include="Source\Layers\LayerStack.h" />
    <ClInclude Include="Source\Events\MouseCodes.h" />
    <ClInclude Include="Source\Resources\StbImageWrapper.h" />
    <ClInclude Include="Source\Graphics\Primitives\QuadMesh.h" />
    <ClInclude Include="Source\Graphics\Primitives\Renderable.h" />
    <ClInclude Include="Source\Graphics\Renderers\Renderer.h" />
    <ClInclude Include="Source\Graphics\Renderers\RenderPass.h" />
    <ClInclude Include="Source\Scene\Scene.h" />
    <ClInclude Include="Source\Graphics\Shaders\Shader.h" />
    <ClInclude Include="Source\Graphics\Texture.h" />
    <ClInclude Include="Source\Scene\Components\Transform.h" />
    <ClInclude Include="Source\Graphics\Primitives\Triangle.h" />
    <ClInclude Include="Source\GlfwWrapper.h" />
    <ClInclude Include="Source\Resources\TextResource.h" />
    <ClInclude Include="Source\Input\WindowsInput.h" />
    <ClInclude Include="Source\Events\SubscribableEvent.h" />
    <ClInclude Include="Source\Editor\EditorCamera.h" />
    <ClInclude Include="Source\Scene\SceneSerializer.h" />
    <ClInclude Include="Source\Resources\StreamWriter.h" />
    <ClInclude Include="Source\Resources\StreamReader.h" />
    <ClInclude Include="Source\Resources\FileStream.h" />
    <ClInclude Include="Source\Resources\Prefab.h" />
    <ClInclude Include="Source\GUID.h" />
    <ClInclude Include="Source\Scene\Components\MaterialInstance.h" />
    <ClInclude Include="Source\PlatformUtils.h" />
    <ClInclude Include="Source\Log.h" />
    <ClInclude Include="Source\ImGui\imgui_sink.h" />
    <ClInclude Include="Source\ImGui\ConsoleWindow.h" />
    <ClInclude Include="Source\Graphics\Renderers\ShadowPass.h" />
    <ClInclude Include="Source\Graphics\UniformBuffer.h" />
    <ClInclude Include="Source\Graphics\Primitives\CircleMesh.h" />
    <ClInclude Include="Source\Graphics\Renderers\CircleRenderPass.h" />
    <ClInclude Include="Source\Physics\PhysicsEngine.h" />
    <ClInclude Include="Source\Scene\Components\Collider.h" />
    <ClInclude Include="Source\Scene\Components\CollisionComponent.h" />
    <ClInclude Include="Source\DataStructures\KDTree.h" />
    <ClInclude Include="Source\DataStructures\Trees.h" />
    <ClInclude Include="Source\Game.h" />
    <ClInclude Include="Source\GameState.h" />
    <ClInclude Include="Source\Scene\Player\PlayerInput.h" />
  </ItemGroup>
  <ItemGroup>
    <Library Include="Dependencies\assimp\assimp-vc143-mtd.lib" />
    <Library Include="Dependencies\GLFW\glfw3.lib" />
  </ItemGroup>
  <ItemGroup>
    <ResourceCompile Include="Engine.rc" />
  </ItemGroup>
  <ItemGroup>
    <None Include="Dependencies\assimp\assimp-vc143-mtd.dll" />
    <None Include="..\Assets\Shaders\FragmentShader.glsl" />
    <None Include="..\Assets\Shaders\VertexShader.glsl" />
    <None Include="..\Assets\Shaders\FragmentMultiLightLecture.glsl" />
    <None Include="..\Assets\Shaders\EmptyFragment.glsl" />
    <None Include="..\Assets\Shaders\SimpleDepthVertex.glsl" />
    <None Include="..\Assets\Shaders\GridFragment.glsl" />
    <None Include="..\Assets\Shaders\GridVertex.glsl" />
    <None Include="..\Assets\Shaders\SimpleDepthFragment.glsl" />
    <None Include="..\Assets\Shaders\CircleFragment.glsl" />
    <None Include="..\Assets\Shaders\CircleVertex.glsl" />
  </ItemGroup>
  <ItemGroup>
    <Text Include="..\FGEngineSpecializationNotes.txt" />
    <Text Include="..\Planning.txt" />
    <Text Include="..\PhysicsModuleNotes.txt" />
  </ItemGroup>
</Project>